
Microsoft Visual Studio Solution File, Format Version 12.00
# Visual Studio 15
VisualStudioVersion = 15.0.27703.2042
MinimumVisualStudioVersion = 10.0.40219.1
Project("{FAE04EC0-301F-11D3-BF4B-00C04F79EFBC}") = "HappeningsApp.Android", "HappeningsApp\HappeningsApp.Android\HappeningsApp.Android.csproj", "{2192BC58-169F-42CC-A960-C86F4885B1F2}"
EndProject
Project("{FAE04EC0-301F-11D3-BF4B-00C04F79EFBC}") = "HappeningsApp.iOS", "HappeningsApp\HappeningsApp.iOS\HappeningsApp.iOS.csproj", "{0E6A0C1C-B5EE-4A30-A86D-2C0C46686102}"
EndProject
Project("{FAE04EC0-301F-11D3-BF4B-00C04F79EFBC}") = "HappeningsApp.UWP", "HappeningsApp\HappeningsApp.UWP\HappeningsApp.UWP.csproj", "{06B6E39F-7D9E-4D47-81DC-4014067512ED}"
EndProject
Project("{FAE04EC0-301F-11D3-BF4B-00C04F79EFBC}") = "HappeningsApp", "HappeningsApp\HappeningsApp\HappeningsApp.csproj", "{03DEBF6A-DE66-4524-B4E6-B77D437CAC4C}"
EndProject
Global
	GlobalSection(SolutionConfigurationPlatforms) = preSolution
		Debug|Any CPU = Debug|Any CPU
		Debug|ARM = Debug|ARM
		Debug|iPhone = Debug|iPhone
		Debug|iPhoneSimulator = Debug|iPhoneSimulator
		Debug|x64 = Debug|x64
		Debug|x86 = Debug|x86
		Release|Any CPU = Release|Any CPU
		Release|ARM = Release|ARM
		Release|iPhone = Release|iPhone
		Release|iPhoneSimulator = Release|iPhoneSimulator
		Release|x64 = Release|x64
		Release|x86 = Release|x86
	EndGlobalSection
	GlobalSection(ProjectConfigurationPlatforms) = postSolution
		{2192BC58-169F-42CC-A960-C86F4885B1F2}.Debug|Any CPU.ActiveCfg = Debug|Any CPU
		{2192BC58-169F-42CC-A960-C86F4885B1F2}.Debug|Any CPU.Build.0 = Debug|Any CPU
		{2192BC58-169F-42CC-A960-C86F4885B1F2}.Debug|Any CPU.Deploy.0 = Debug|Any CPU
		{2192BC58-169F-42CC-A960-C86F4885B1F2}.Debug|ARM.ActiveCfg = Debug|Any CPU
		{2192BC58-169F-42CC-A960-C86F4885B1F2}.Debug|ARM.Build.0 = Debug|Any CPU
		{2192BC58-169F-42CC-A960-C86F4885B1F2}.Debug|ARM.Deploy.0 = Debug|Any CPU
		{2192BC58-169F-42CC-A960-C86F4885B1F2}.Debug|iPhone.ActiveCfg = Debug|Any CPU
		{2192BC58-169F-42CC-A960-C86F4885B1F2}.Debug|iPhone.Build.0 = Debug|Any CPU
		{2192BC58-169F-42CC-A960-C86F4885B1F2}.Debug|iPhone.Deploy.0 = Debug|Any CPU
		{2192BC58-169F-42CC-A960-C86F4885B1F2}.Debug|iPhoneSimulator.ActiveCfg = Debug|Any CPU
		{2192BC58-169F-42CC-A960-C86F4885B1F2}.Debug|iPhoneSimulator.Build.0 = Debug|Any CPU
		{2192BC58-169F-42CC-A960-C86F4885B1F2}.Debug|iPhoneSimulator.Deploy.0 = Debug|Any CPU
		{2192BC58-169F-42CC-A960-C86F4885B1F2}.Debug|x64.ActiveCfg = Debug|Any CPU
		{2192BC58-169F-42CC-A960-C86F4885B1F2}.Debug|x64.Build.0 = Debug|Any CPU
		{2192BC58-169F-42CC-A960-C86F4885B1F2}.Debug|x64.Deploy.0 = Debug|Any CPU
		{2192BC58-169F-42CC-A960-C86F4885B1F2}.Debug|x86.ActiveCfg = Debug|Any CPU
		{2192BC58-169F-42CC-A960-C86F4885B1F2}.Debug|x86.Build.0 = Debug|Any CPU
		{2192BC58-169F-42CC-A960-C86F4885B1F2}.Debug|x86.Deploy.0 = Debug|Any CPU
		{2192BC58-169F-42CC-A960-C86F4885B1F2}.Release|Any CPU.ActiveCfg = Release|Any CPU
		{2192BC58-169F-42CC-A960-C86F4885B1F2}.Release|Any CPU.Build.0 = Release|Any CPU
		{2192BC58-169F-42CC-A960-C86F4885B1F2}.Release|Any CPU.Deploy.0 = Release|Any CPU
		{2192BC58-169F-42CC-A960-C86F4885B1F2}.Release|ARM.ActiveCfg = Release|Any CPU
		{2192BC58-169F-42CC-A960-C86F4885B1F2}.Release|ARM.Build.0 = Release|Any CPU
		{2192BC58-169F-42CC-A960-C86F4885B1F2}.Release|ARM.Deploy.0 = Release|Any CPU
		{2192BC58-169F-42CC-A960-C86F4885B1F2}.Release|iPhone.ActiveCfg = Release|Any CPU
		{2192BC58-169F-42CC-A960-C86F4885B1F2}.Release|iPhone.Build.0 = Release|Any CPU
		{2192BC58-169F-42CC-A960-C86F4885B1F2}.Release|iPhone.Deploy.0 = Release|Any CPU
		{2192BC58-169F-42CC-A960-C86F4885B1F2}.Release|iPhoneSimulator.ActiveCfg = Release|Any CPU
		{2192BC58-169F-42CC-A960-C86F4885B1F2}.Release|iPhoneSimulator.Build.0 = Release|Any CPU
		{2192BC58-169F-42CC-A960-C86F4885B1F2}.Release|iPhoneSimulator.Deploy.0 = Release|Any CPU
		{2192BC58-169F-42CC-A960-C86F4885B1F2}.Release|x64.ActiveCfg = Release|Any CPU
		{2192BC58-169F-42CC-A960-C86F4885B1F2}.Release|x64.Build.0 = Release|Any CPU
		{2192BC58-169F-42CC-A960-C86F4885B1F2}.Release|x64.Deploy.0 = Release|Any CPU
		{2192BC58-169F-42CC-A960-C86F4885B1F2}.Release|x86.ActiveCfg = Release|Any CPU
		{2192BC58-169F-42CC-A960-C86F4885B1F2}.Release|x86.Build.0 = Release|Any CPU
		{2192BC58-169F-42CC-A960-C86F4885B1F2}.Release|x86.Deploy.0 = Release|Any CPU
		{0E6A0C1C-B5EE-4A30-A86D-2C0C46686102}.Debug|Any CPU.ActiveCfg = Debug|iPhoneSimulator
		{0E6A0C1C-B5EE-4A30-A86D-2C0C46686102}.Debug|Any CPU.Build.0 = Debug|iPhoneSimulator
		{0E6A0C1C-B5EE-4A30-A86D-2C0C46686102}.Debug|Any CPU.Deploy.0 = Debug|iPhoneSimulator
		{0E6A0C1C-B5EE-4A30-A86D-2C0C46686102}.Debug|ARM.ActiveCfg = Debug|iPhone
		{0E6A0C1C-B5EE-4A30-A86D-2C0C46686102}.Debug|ARM.Build.0 = Debug|iPhone
		{0E6A0C1C-B5EE-4A30-A86D-2C0C46686102}.Debug|ARM.Deploy.0 = Debug|iPhone
		{0E6A0C1C-B5EE-4A30-A86D-2C0C46686102}.Debug|iPhone.ActiveCfg = Debug|iPhone
		{0E6A0C1C-B5EE-4A30-A86D-2C0C46686102}.Debug|iPhone.Build.0 = Debug|iPhone
		{0E6A0C1C-B5EE-4A30-A86D-2C0C46686102}.Debug|iPhone.Deploy.0 = Debug|iPhone
		{0E6A0C1C-B5EE-4A30-A86D-2C0C46686102}.Debug|iPhoneSimulator.ActiveCfg = Debug|iPhoneSimulator
		{0E6A0C1C-B5EE-4A30-A86D-2C0C46686102}.Debug|iPhoneSimulator.Build.0 = Debug|iPhoneSimulator
		{0E6A0C1C-B5EE-4A30-A86D-2C0C46686102}.Debug|iPhoneSimulator.Deploy.0 = Debug|iPhoneSimulator
		{0E6A0C1C-B5EE-4A30-A86D-2C0C46686102}.Debug|x64.ActiveCfg = Debug|iPhone
		{0E6A0C1C-B5EE-4A30-A86D-2C0C46686102}.Debug|x64.Build.0 = Debug|iPhone
		{0E6A0C1C-B5EE-4A30-A86D-2C0C46686102}.Debug|x64.Deploy.0 = Debug|iPhone
		{0E6A0C1C-B5EE-4A30-A86D-2C0C46686102}.Debug|x86.ActiveCfg = Debug|iPhone
		{0E6A0C1C-B5EE-4A30-A86D-2C0C46686102}.Debug|x86.Build.0 = Debug|iPhone
		{0E6A0C1C-B5EE-4A30-A86D-2C0C46686102}.Debug|x86.Deploy.0 = Debug|iPhone
		{0E6A0C1C-B5EE-4A30-A86D-2C0C46686102}.Release|Any CPU.ActiveCfg = Release|iPhone
		{0E6A0C1C-B5EE-4A30-A86D-2C0C46686102}.Release|Any CPU.Build.0 = Release|iPhone
		{0E6A0C1C-B5EE-4A30-A86D-2C0C46686102}.Release|Any CPU.Deploy.0 = Release|iPhone
		{0E6A0C1C-B5EE-4A30-A86D-2C0C46686102}.Release|ARM.ActiveCfg = Release|iPhone
		{0E6A0C1C-B5EE-4A30-A86D-2C0C46686102}.Release|ARM.Build.0 = Release|iPhone
		{0E6A0C1C-B5EE-4A30-A86D-2C0C46686102}.Release|ARM.Deploy.0 = Release|iPhone
		{0E6A0C1C-B5EE-4A30-A86D-2C0C46686102}.Release|iPhone.ActiveCfg = Release|iPhone
		{0E6A0C1C-B5EE-4A30-A86D-2C0C46686102}.Release|iPhone.Build.0 = Release|iPhone
		{0E6A0C1C-B5EE-4A30-A86D-2C0C46686102}.Release|iPhone.Deploy.0 = Release|iPhone
		{0E6A0C1C-B5EE-4A30-A86D-2C0C46686102}.Release|iPhoneSimulator.ActiveCfg = Release|iPhoneSimulator
		{0E6A0C1C-B5EE-4A30-A86D-2C0C46686102}.Release|iPhoneSimulator.Build.0 = Release|iPhoneSimulator
		{0E6A0C1C-B5EE-4A30-A86D-2C0C46686102}.Release|iPhoneSimulator.Deploy.0 = Release|iPhoneSimulator
		{0E6A0C1C-B5EE-4A30-A86D-2C0C46686102}.Release|x64.ActiveCfg = Release|iPhone
		{0E6A0C1C-B5EE-4A30-A86D-2C0C46686102}.Release|x64.Build.0 = Release|iPhone
		{0E6A0C1C-B5EE-4A30-A86D-2C0C46686102}.Release|x64.Deploy.0 = Release|iPhone
		{0E6A0C1C-B5EE-4A30-A86D-2C0C46686102}.Release|x86.ActiveCfg = Release|iPhone
		{0E6A0C1C-B5EE-4A30-A86D-2C0C46686102}.Release|x86.Build.0 = Release|iPhone
		{0E6A0C1C-B5EE-4A30-A86D-2C0C46686102}.Release|x86.Deploy.0 = Release|iPhone
		{06B6E39F-7D9E-4D47-81DC-4014067512ED}.Debug|Any CPU.ActiveCfg = Debug|x86
		{06B6E39F-7D9E-4D47-81DC-4014067512ED}.Debug|Any CPU.Build.0 = Debug|x86
		{06B6E39F-7D9E-4D47-81DC-4014067512ED}.Debug|Any CPU.Deploy.0 = Debug|x86
		{06B6E39F-7D9E-4D47-81DC-4014067512ED}.Debug|ARM.ActiveCfg = Debug|ARM
		{06B6E39F-7D9E-4D47-81DC-4014067512ED}.Debug|ARM.Build.0 = Debug|ARM
		{06B6E39F-7D9E-4D47-81DC-4014067512ED}.Debug|ARM.Deploy.0 = Debug|ARM
		{06B6E39F-7D9E-4D47-81DC-4014067512ED}.Debug|iPhone.ActiveCfg = Debug|x86
		{06B6E39F-7D9E-4D47-81DC-4014067512ED}.Debug|iPhone.Build.0 = Debug|x86
		{06B6E39F-7D9E-4D47-81DC-4014067512ED}.Debug|iPhone.Deploy.0 = Debug|x86
		{06B6E39F-7D9E-4D47-81DC-4014067512ED}.Debug|iPhoneSimulator.ActiveCfg = Debug|x86
		{06B6E39F-7D9E-4D47-81DC-4014067512ED}.Debug|iPhoneSimulator.Build.0 = Debug|x86
		{06B6E39F-7D9E-4D47-81DC-4014067512ED}.Debug|iPhoneSimulator.Deploy.0 = Debug|x86
		{06B6E39F-7D9E-4D47-81DC-4014067512ED}.Debug|x64.ActiveCfg = Debug|x64
		{06B6E39F-7D9E-4D47-81DC-4014067512ED}.Debug|x64.Build.0 = Debug|x64
		{06B6E39F-7D9E-4D47-81DC-4014067512ED}.Debug|x64.Deploy.0 = Debug|x64
		{06B6E39F-7D9E-4D47-81DC-4014067512ED}.Debug|x86.ActiveCfg = Debug|x86
		{06B6E39F-7D9E-4D47-81DC-4014067512ED}.Debug|x86.Build.0 = Debug|x86
		{06B6E39F-7D9E-4D47-81DC-4014067512ED}.Debug|x86.Deploy.0 = Debug|x86
		{06B6E39F-7D9E-4D47-81DC-4014067512ED}.Release|Any CPU.ActiveCfg = Release|x86
		{06B6E39F-7D9E-4D47-81DC-4014067512ED}.Release|Any CPU.Build.0 = Release|x86
		{06B6E39F-7D9E-4D47-81DC-4014067512ED}.Release|Any CPU.Deploy.0 = Release|x86
		{06B6E39F-7D9E-4D47-81DC-4014067512ED}.Release|ARM.ActiveCfg = Release|ARM
		{06B6E39F-7D9E-4D47-81DC-4014067512ED}.Release|ARM.Build.0 = Release|ARM
		{06B6E39F-7D9E-4D47-81DC-4014067512ED}.Release|ARM.Deploy.0 = Release|ARM
		{06B6E39F-7D9E-4D47-81DC-4014067512ED}.Release|iPhone.ActiveCfg = Release|x86
		{06B6E39F-7D9E-4D47-81DC-4014067512ED}.Release|iPhone.Build.0 = Release|x86
		{06B6E39F-7D9E-4D47-81DC-4014067512ED}.Release|iPhone.Deploy.0 = Release|x86
		{06B6E39F-7D9E-4D47-81DC-4014067512ED}.Release|iPhoneSimulator.ActiveCfg = Release|x86
		{06B6E39F-7D9E-4D47-81DC-4014067512ED}.Release|iPhoneSimulator.Build.0 = Release|x86
		{06B6E39F-7D9E-4D47-81DC-4014067512ED}.Release|iPhoneSimulator.Deploy.0 = Release|x86
		{06B6E39F-7D9E-4D47-81DC-4014067512ED}.Release|x64.ActiveCfg = Release|x64
		{06B6E39F-7D9E-4D47-81DC-4014067512ED}.Release|x64.Build.0 = Release|x64
		{06B6E39F-7D9E-4D47-81DC-4014067512ED}.Release|x64.Deploy.0 = Release|x64
		{06B6E39F-7D9E-4D47-81DC-4014067512ED}.Release|x86.ActiveCfg = Release|x86
		{06B6E39F-7D9E-4D47-81DC-4014067512ED}.Release|x86.Build.0 = Release|x86
		{06B6E39F-7D9E-4D47-81DC-4014067512ED}.Release|x86.Deploy.0 = Release|x86
		{03DEBF6A-DE66-4524-B4E6-B77D437CAC4C}.Debug|Any CPU.ActiveCfg = Debug|Any CPU
		{03DEBF6A-DE66-4524-B4E6-B77D437CAC4C}.Debug|Any CPU.Build.0 = Debug|Any CPU
		{03DEBF6A-DE66-4524-B4E6-B77D437CAC4C}.Debug|Any CPU.Deploy.0 = Debug|Any CPU
		{03DEBF6A-DE66-4524-B4E6-B77D437CAC4C}.Debug|ARM.ActiveCfg = Debug|Any CPU
		{03DEBF6A-DE66-4524-B4E6-B77D437CAC4C}.Debug|ARM.Build.0 = Debug|Any CPU
		{03DEBF6A-DE66-4524-B4E6-B77D437CAC4C}.Debug|ARM.Deploy.0 = Debug|Any CPU
		{03DEBF6A-DE66-4524-B4E6-B77D437CAC4C}.Debug|iPhone.ActiveCfg = Debug|Any CPU
		{03DEBF6A-DE66-4524-B4E6-B77D437CAC4C}.Debug|iPhone.Build.0 = Debug|Any CPU
		{03DEBF6A-DE66-4524-B4E6-B77D437CAC4C}.Debug|iPhone.Deploy.0 = Debug|Any CPU
		{03DEBF6A-DE66-4524-B4E6-B77D437CAC4C}.Debug|iPhoneSimulator.ActiveCfg = Debug|Any CPU
		{03DEBF6A-DE66-4524-B4E6-B77D437CAC4C}.Debug|iPhoneSimulator.Build.0 = Debug|Any CPU
		{03DEBF6A-DE66-4524-B4E6-B77D437CAC4C}.Debug|iPhoneSimulator.Deploy.0 = Debug|Any CPU
		{03DEBF6A-DE66-4524-B4E6-B77D437CAC4C}.Debug|x64.ActiveCfg = Debug|Any CPU
		{03DEBF6A-DE66-4524-B4E6-B77D437CAC4C}.Debug|x64.Build.0 = Debug|Any CPU
		{03DEBF6A-DE66-4524-B4E6-B77D437CAC4C}.Debug|x64.Deploy.0 = Debug|Any CPU
		{03DEBF6A-DE66-4524-B4E6-B77D437CAC4C}.Debug|x86.ActiveCfg = Debug|Any CPU
		{03DEBF6A-DE66-4524-B4E6-B77D437CAC4C}.Debug|x86.Build.0 = Debug|Any CPU
		{03DEBF6A-DE66-4524-B4E6-B77D437CAC4C}.Debug|x86.Deploy.0 = Debug|Any CPU
		{03DEBF6A-DE66-4524-B4E6-B77D437CAC4C}.Release|Any CPU.ActiveCfg = Release|Any CPU
		{03DEBF6A-DE66-4524-B4E6-B77D437CAC4C}.Release|Any CPU.Build.0 = Release|Any CPU
		{03DEBF6A-DE66-4524-B4E6-B77D437CAC4C}.Release|Any CPU.Deploy.0 = Release|Any CPU
		{03DEBF6A-DE66-4524-B4E6-B77D437CAC4C}.Release|ARM.ActiveCfg = Release|Any CPU
		{03DEBF6A-DE66-4524-B4E6-B77D437CAC4C}.Release|ARM.Build.0 = Release|Any CPU
		{03DEBF6A-DE66-4524-B4E6-B77D437CAC4C}.Release|ARM.Deploy.0 = Release|Any CPU
		{03DEBF6A-DE66-4524-B4E6-B77D437CAC4C}.Release|iPhone.ActiveCfg = Release|Any CPU
		{03DEBF6A-DE66-4524-B4E6-B77D437CAC4C}.Release|iPhone.Build.0 = Release|Any CPU
		{03DEBF6A-DE66-4524-B4E6-B77D437CAC4C}.Release|iPhone.Deploy.0 = Release|Any CPU
		{03DEBF6A-DE66-4524-B4E6-B77D437CAC4C}.Release|iPhoneSimulator.ActiveCfg = Release|Any CPU
		{03DEBF6A-DE66-4524-B4E6-B77D437CAC4C}.Release|iPhoneSimulator.Build.0 = Release|Any CPU
		{03DEBF6A-DE66-4524-B4E6-B77D437CAC4C}.Release|iPhoneSimulator.Deploy.0 = Release|Any CPU
		{03DEBF6A-DE66-4524-B4E6-B77D437CAC4C}.Release|x64.ActiveCfg = Release|Any CPU
		{03DEBF6A-DE66-4524-B4E6-B77D437CAC4C}.Release|x64.Build.0 = Release|Any CPU
		{03DEBF6A-DE66-4524-B4E6-B77D437CAC4C}.Release|x64.Deploy.0 = Release|Any CPU
		{03DEBF6A-DE66-4524-B4E6-B77D437CAC4C}.Release|x86.ActiveCfg = Release|Any CPU
		{03DEBF6A-DE66-4524-B4E6-B77D437CAC4C}.Release|x86.Build.0 = Release|Any CPU
		{03DEBF6A-DE66-4524-B4E6-B77D437CAC4C}.Release|x86.Deploy.0 = Release|Any CPU
	EndGlobalSection
	GlobalSection(SolutionProperties) = preSolution
		HideSolutionNode = FALSE
	EndGlobalSection
	GlobalSection(ExtensibilityGlobals) = postSolution
		SolutionGuid = {CF1454D9-18CD-48BB-AFEF-3FF6842C0B80}
	EndGlobalSection
EndGlobal
